
Microsoft Visual Studio Solution File, Format Version 12.00
# Visual Studio Version 17
VisualStudioVersion = 17.7.34024.191
MinimumVisualStudioVersion = 10.0.40219.1
Project("{9A19103F-16F7-4668-BE54-9A1E7A4F7556}") = "WebApi", "WebApi\WebApi.csproj", "{4B9C5374-95AA-48EA-9DDD-5F648FD48E9F}"
EndProject
Project("{FAE04EC0-301F-11D3-BF4B-00C04F79EFBC}") = "WebAPI_Test", "WebAPI_Test\WebAPI_Test.csproj", "{54D52EB0-00F7-43F9-81CB-A7C591AE5339}"
EndProject
Project("{2150E333-8FDC-42A3-9474-1A3956D46DE8}") = "src", "src", "{8D369716-C4A8-4078-83EA-587A375035B3}"
EndProject
Project("{2150E333-8FDC-42A3-9474-1A3956D46DE8}") = "testing", "testing", "{7E555A27-6B30-458B-BE80-DD78C6800A88}"
EndProject
Project("{2150E333-8FDC-42A3-9474-1A3956D46DE8}") = "unit", "unit", "{0BAA5300-0722-463C-90B4-1E69DF4F5FC6}"
EndProject
Project("{2150E333-8FDC-42A3-9474-1A3956D46DE8}") = "integration", "integration", "{8705E096-BBF8-4584-8C76-7AB61B925C5C}"
EndProject
Global
	GlobalSection(SolutionConfigurationPlatforms) = preSolution
		Debug|Any CPU = Debug|Any CPU
		Release|Any CPU = Release|Any CPU
	EndGlobalSection
	GlobalSection(ProjectConfigurationPlatforms) = postSolution
		{4B9C5374-95AA-48EA-9DDD-5F648FD48E9F}.Debug|Any CPU.ActiveCfg = Debug|Any CPU
		{4B9C5374-95AA-48EA-9DDD-5F648FD48E9F}.Debug|Any CPU.Build.0 = Debug|Any CPU
		{4B9C5374-95AA-48EA-9DDD-5F648FD48E9F}.Release|Any CPU.ActiveCfg = Release|Any CPU
		{4B9C5374-95AA-48EA-9DDD-5F648FD48E9F}.Release|Any CPU.Build.0 = Release|Any CPU
		{54D52EB0-00F7-43F9-81CB-A7C591AE5339}.Debug|Any CPU.ActiveCfg = Debug|Any CPU
		{54D52EB0-00F7-43F9-81CB-A7C591AE5339}.Debug|Any CPU.Build.0 = Debug|Any CPU
		{54D52EB0-00F7-43F9-81CB-A7C591AE5339}.Release|Any CPU.ActiveCfg = Release|Any CPU
		{54D52EB0-00F7-43F9-81CB-A7C591AE5339}.Release|Any CPU.Build.0 = Release|Any CPU
	EndGlobalSection
	GlobalSection(SolutionProperties) = preSolution
		HideSolutionNode = FALSE
	EndGlobalSection
	GlobalSection(NestedProjects) = preSolution
		{4B9C5374-95AA-48EA-9DDD-5F648FD48E9F} = {8D369716-C4A8-4078-83EA-587A375035B3}
		{54D52EB0-00F7-43F9-81CB-A7C591AE5339} = {0BAA5300-0722-463C-90B4-1E69DF4F5FC6}
		{0BAA5300-0722-463C-90B4-1E69DF4F5FC6} = {7E555A27-6B30-458B-BE80-DD78C6800A88}
		{8705E096-BBF8-4584-8C76-7AB61B925C5C} = {7E555A27-6B30-458B-BE80-DD78C6800A88}
	EndGlobalSection
	GlobalSection(ExtensibilityGlobals) = postSolution
		SolutionGuid = {7982ED01-A76A-4FE5-B3D7-AF68C77B5B63}
	EndGlobalSection
EndGlobal
